
Microsoft Visual Studio Solution File, Format Version 12.00
# Visual Studio 15
Project("{FAE04EC0-301F-11D3-BF4B-00C04F79EFBC}") = "Assembly-CSharp", "Assembly-CSharp.csproj", "{699ED030-E61C-649C-92C9-02249548F8C7}"
EndProject
Project("{FAE04EC0-301F-11D3-BF4B-00C04F79EFBC}") = "Assembly-CSharp-Editor", "Assembly-CSharp-Editor.csproj", "{9269B2E5-7FA1-5790-2146-3F7AA7D3E274}"
EndProject
Global
	GlobalSection(SolutionConfigurationPlatforms) = preSolution
		Debug|Any CPU = Debug|Any CPU
		Release|Any CPU = Release|Any CPU
	EndGlobalSection
	GlobalSection(ProjectConfigurationPlatforms) = postSolution
		{699ED030-E61C-649C-92C9-02249548F8C7}.Debug|Any CPU.ActiveCfg = Debug|Any CPU
		{699ED030-E61C-649C-92C9-02249548F8C7}.Debug|Any CPU.Build.0 = Debug|Any CPU
		{699ED030-E61C-649C-92C9-02249548F8C7}.Release|Any CPU.ActiveCfg = Release|Any CPU
		{699ED030-E61C-649C-92C9-02249548F8C7}.Release|Any CPU.Build.0 = Release|Any CPU
		{9269B2E5-7FA1-5790-2146-3F7AA7D3E274}.Debug|Any CPU.ActiveCfg = Debug|Any CPU
		{9269B2E5-7FA1-5790-2146-3F7AA7D3E274}.Debug|Any CPU.Build.0 = Debug|Any CPU
		{9269B2E5-7FA1-5790-2146-3F7AA7D3E274}.Release|Any CPU.ActiveCfg = Release|Any CPU
		{9269B2E5-7FA1-5790-2146-3F7AA7D3E274}.Release|Any CPU.Build.0 = Release|Any CPU
	EndGlobalSection
	GlobalSection(SolutionProperties) = preSolution
		HideSolutionNode = FALSE
	EndGlobalSection
EndGlobal
